
Microsoft Visual Studio Solution File, Format Version 12.00
# Visual Studio Version 17
VisualStudioVersion = 17.5.2.0
MinimumVisualStudioVersion = 10.0.40219.1
Project("{FAE04EC0-301F-11D3-BF4B-00C04F79EFBC}") = "webapp", "webapp\webapp.csproj", "{E3CF19E4-5622-64B9-34FF-31DCC94C3E01}"
EndProject
Global
	GlobalSection(SolutionConfigurationPlatforms) = preSolution
		Debug|Any CPU = Debug|Any CPU
		Debug|x64 = Debug|x64
		Debug|x86 = Debug|x86
		Release|Any CPU = Release|Any CPU
		Release|x64 = Release|x64
		Release|x86 = Release|x86
	EndGlobalSection
	GlobalSection(ProjectConfigurationPlatforms) = postSolution
		{E3CF19E4-5622-64B9-34FF-31DCC94C3E01}.Debug|Any CPU.ActiveCfg = Debug|Any CPU
		{E3CF19E4-5622-64B9-34FF-31DCC94C3E01}.Debug|Any CPU.Build.0 = Debug|Any CPU
		{E3CF19E4-5622-64B9-34FF-31DCC94C3E01}.Debug|x64.ActiveCfg = Debug|Any CPU
		{E3CF19E4-5622-64B9-34FF-31DCC94C3E01}.Debug|x64.Build.0 = Debug|Any CPU
		{E3CF19E4-5622-64B9-34FF-31DCC94C3E01}.Debug|x86.ActiveCfg = Debug|Any CPU
		{E3CF19E4-5622-64B9-34FF-31DCC94C3E01}.Debug|x86.Build.0 = Debug|Any CPU
		{E3CF19E4-5622-64B9-34FF-31DCC94C3E01}.Release|Any CPU.ActiveCfg = Release|Any CPU
		{E3CF19E4-5622-64B9-34FF-31DCC94C3E01}.Release|Any CPU.Build.0 = Release|Any CPU
		{E3CF19E4-5622-64B9-34FF-31DCC94C3E01}.Release|x64.ActiveCfg = Release|Any CPU
		{E3CF19E4-5622-64B9-34FF-31DCC94C3E01}.Release|x64.Build.0 = Release|Any CPU
		{E3CF19E4-5622-64B9-34FF-31DCC94C3E01}.Release|x86.ActiveCfg = Release|Any CPU
		{E3CF19E4-5622-64B9-34FF-31DCC94C3E01}.Release|x86.Build.0 = Release|Any CPU
		{B031C2E9-B451-4341-8F9E-10B9920313A9}.Debug|Any CPU.ActiveCfg = Debug|Any CPU
		{B031C2E9-B451-4341-8F9E-10B9920313A9}.Debug|Any CPU.Build.0 = Debug|Any CPU
		{B031C2E9-B451-4341-8F9E-10B9920313A9}.Debug|x64.ActiveCfg = Debug|Any CPU
		{B031C2E9-B451-4341-8F9E-10B9920313A9}.Debug|x64.Build.0 = Debug|Any CPU
		{B031C2E9-B451-4341-8F9E-10B9920313A9}.Debug|x86.ActiveCfg = Debug|Any CPU
		{B031C2E9-B451-4341-8F9E-10B9920313A9}.Debug|x86.Build.0 = Debug|Any CPU
		{B031C2E9-B451-4341-8F9E-10B9920313A9}.Release|Any CPU.ActiveCfg = Release|Any CPU
		{B031C2E9-B451-4341-8F9E-10B9920313A9}.Release|Any CPU.Build.0 = Release|Any CPU
		{B031C2E9-B451-4341-8F9E-10B9920313A9}.Release|x64.ActiveCfg = Release|Any CPU
		{B031C2E9-B451-4341-8F9E-10B9920313A9}.Release|x64.Build.0 = Release|Any CPU
		{B031C2E9-B451-4341-8F9E-10B9920313A9}.Release|x86.ActiveCfg = Release|Any CPU
		{B031C2E9-B451-4341-8F9E-10B9920313A9}.Release|x86.Build.0 = Release|Any CPU
	EndGlobalSection
	GlobalSection(SolutionProperties) = preSolution
		HideSolutionNode = FALSE
	EndGlobalSection
	GlobalSection(ExtensibilityGlobals) = postSolution
		SolutionGuid = {B4674228-E50E-41A0-BC82-52BC37933EB2}
	EndGlobalSection
EndGlobal
